// !$*UTF8*$!
{
	archiveVersion = 1;
	classes = {
	};
	objectVersion = 46;
	objects = {

/* Begin PBXBuildFile section */
		2E5289731EBE6D5B009C39A8 /* Stack.swift in Sources */ = {isa = PBXBuildFile; fileRef = 2E5289721EBE6D5B009C39A8 /* Stack.swift */; };
		2E5289751EBF1F78009C39A8 /* Geometry.swift in Sources */ = {isa = PBXBuildFile; fileRef = 2E5289741EBF1F78009C39A8 /* Geometry.swift */; };
		2E6ACB781EBA41CA00DD011B /* Interpreter.swift in Sources */ = {isa = PBXBuildFile; fileRef = 2E6ACB771EBA41CA00DD011B /* Interpreter.swift */; };
		2E6ACB9D1EBA445500DD011B /* Canvas.swift in Sources */ = {isa = PBXBuildFile; fileRef = 2E6ACB7A1EBA445500DD011B /* Canvas.swift */; };
		2E6ACB9E1EBA445500DD011B /* Environment.swift in Sources */ = {isa = PBXBuildFile; fileRef = 2E6ACB7B1EBA445500DD011B /* Environment.swift */; };
		2E6ACB9F1EBA445500DD011B /* Evaluator.swift in Sources */ = {isa = PBXBuildFile; fileRef = 2E6ACB7C1EBA445500DD011B /* Evaluator.swift */; };
		2E6ACBA21EBA445500DD011B /* Boolean.swift in Sources */ = {isa = PBXBuildFile; fileRef = 2E6ACB811EBA445500DD011B /* Boolean.swift */; };
		2E6ACBA31EBA445500DD011B /* Builtin.swift in Sources */ = {isa = PBXBuildFile; fileRef = 2E6ACB821EBA445500DD011B /* Builtin.swift */; };
		2E6ACBA41EBA445500DD011B /* CommandObject.swift in Sources */ = {isa = PBXBuildFile; fileRef = 2E6ACB831EBA445500DD011B /* CommandObject.swift */; };
		2E6ACBA51EBA445500DD011B /* Error.swift in Sources */ = {isa = PBXBuildFile; fileRef = 2E6ACB841EBA445500DD011B /* Error.swift */; };
		2E6ACBA61EBA445500DD011B /* Function.swift in Sources */ = {isa = PBXBuildFile; fileRef = 2E6ACB851EBA445500DD011B /* Function.swift */; };
		2E6ACBA71EBA445500DD011B /* Number.swift in Sources */ = {isa = PBXBuildFile; fileRef = 2E6ACB861EBA445500DD011B /* Number.swift */; };
		2E6ACBA81EBA445500DD011B /* Null.swift in Sources */ = {isa = PBXBuildFile; fileRef = 2E6ACB871EBA445500DD011B /* Null.swift */; };
		2E6ACBA91EBA445500DD011B /* Object.swift in Sources */ = {isa = PBXBuildFile; fileRef = 2E6ACB881EBA445500DD011B /* Object.swift */; };
		2E6ACBAA1EBA445500DD011B /* Lexer.swift in Sources */ = {isa = PBXBuildFile; fileRef = 2E6ACB8A1EBA445500DD011B /* Lexer.swift */; };
		2E6ACBAB1EBA445500DD011B /* Token.swift in Sources */ = {isa = PBXBuildFile; fileRef = 2E6ACB8B1EBA445500DD011B /* Token.swift */; };
		2E6ACBAD1EBA445500DD011B /* BooleanLiteral.swift in Sources */ = {isa = PBXBuildFile; fileRef = 2E6ACB8F1EBA445500DD011B /* BooleanLiteral.swift */; };
		2E6ACBAE1EBA445500DD011B /* CallExpression.swift in Sources */ = {isa = PBXBuildFile; fileRef = 2E6ACB901EBA445500DD011B /* CallExpression.swift */; };
		2E6ACBAF1EBA445500DD011B /* EmptyNode.swift in Sources */ = {isa = PBXBuildFile; fileRef = 2E6ACB911EBA445500DD011B /* EmptyNode.swift */; };
		2E6ACBB01EBA445500DD011B /* ExpressionStatement.swift in Sources */ = {isa = PBXBuildFile; fileRef = 2E6ACB921EBA445500DD011B /* ExpressionStatement.swift */; };
		2E6ACBB11EBA445500DD011B /* FunctionLiteral.swift in Sources */ = {isa = PBXBuildFile; fileRef = 2E6ACB931EBA445500DD011B /* FunctionLiteral.swift */; };
		2E6ACBB21EBA445500DD011B /* Identifier.swift in Sources */ = {isa = PBXBuildFile; fileRef = 2E6ACB941EBA445500DD011B /* Identifier.swift */; };
		2E6ACBB31EBA445500DD011B /* IfExpression.swift in Sources */ = {isa = PBXBuildFile; fileRef = 2E6ACB951EBA445500DD011B /* IfExpression.swift */; };
		2E6ACBB41EBA445500DD011B /* InfixExpression.swift in Sources */ = {isa = PBXBuildFile; fileRef = 2E6ACB961EBA445500DD011B /* InfixExpression.swift */; };
		2E6ACBB51EBA445500DD011B /* IntegerLiteral.swift in Sources */ = {isa = PBXBuildFile; fileRef = 2E6ACB971EBA445500DD011B /* IntegerLiteral.swift */; };
		2E6ACBB71EBA445500DD011B /* PrefixExpression.swift in Sources */ = {isa = PBXBuildFile; fileRef = 2E6ACB991EBA445500DD011B /* PrefixExpression.swift */; };
		2E6ACBB81EBA445500DD011B /* Program.swift in Sources */ = {isa = PBXBuildFile; fileRef = 2E6ACB9A1EBA445500DD011B /* Program.swift */; };
		2E6ACBB91EBA445500DD011B /* Variable.swift in Sources */ = {isa = PBXBuildFile; fileRef = 2E6ACB9B1EBA445500DD011B /* Variable.swift */; };
		2E6ACBBA1EBA445500DD011B /* Parser.swift in Sources */ = {isa = PBXBuildFile; fileRef = 2E6ACB9C1EBA445500DD011B /* Parser.swift */; };
		2E6DA1911EAE89F9000AB253 /* Logo.framework in Frameworks */ = {isa = PBXBuildFile; fileRef = 2E6DA1871EAE89F9000AB253 /* Logo.framework */; };
		2E6DA1961EAE89F9000AB253 /* LexerTests.swift in Sources */ = {isa = PBXBuildFile; fileRef = 2E6DA1951EAE89F9000AB253 /* LexerTests.swift */; };
		2E6DA1981EAE89F9000AB253 /* Logo.h in Headers */ = {isa = PBXBuildFile; fileRef = 2E6DA18A1EAE89F9000AB253 /* Logo.h */; settings = {ATTRIBUTES = (Public, ); }; };
		2E6DA1BC1EB109EC000AB253 /* ParserTests.swift in Sources */ = {isa = PBXBuildFile; fileRef = 2E6DA1BB1EB109EC000AB253 /* ParserTests.swift */; };
		2EA0B6BF2252D64600A637D1 /* Logo.framework in Frameworks */ = {isa = PBXBuildFile; fileRef = 2E6DA1871EAE89F9000AB253 /* Logo.framework */; };
		2EA0B6C02252D64600A637D1 /* Logo.framework in Embed Frameworks */ = {isa = PBXBuildFile; fileRef = 2E6DA1871EAE89F9000AB253 /* Logo.framework */; settings = {ATTRIBUTES = (CodeSignOnCopy, RemoveHeadersOnCopy, ); }; };
		2EC0E4E82252C05300AA0BAD /* Utils.swift in Sources */ = {isa = PBXBuildFile; fileRef = 2EC0E4E72252C05300AA0BAD /* Utils.swift */; };
		2ED38E612251D707007F72D0 /* AppDelegate.swift in Sources */ = {isa = PBXBuildFile; fileRef = 2ED38E602251D707007F72D0 /* AppDelegate.swift */; };
		2ED38E632251D707007F72D0 /* ViewController.swift in Sources */ = {isa = PBXBuildFile; fileRef = 2ED38E622251D707007F72D0 /* ViewController.swift */; };
		2ED38E652251D708007F72D0 /* Assets.xcassets in Resources */ = {isa = PBXBuildFile; fileRef = 2ED38E642251D708007F72D0 /* Assets.xcassets */; };
		2ED38E682251D708007F72D0 /* Main.storyboard in Resources */ = {isa = PBXBuildFile; fileRef = 2ED38E662251D708007F72D0 /* Main.storyboard */; };
		2ED38E6F2251DBAD007F72D0 /* WindowController.swift in Sources */ = {isa = PBXBuildFile; fileRef = 2ED38E6E2251DBAD007F72D0 /* WindowController.swift */; };
		2ED38E732251EDBE007F72D0 /* LogoSyntaxTextView.swift in Sources */ = {isa = PBXBuildFile; fileRef = 2ED38E722251EDBE007F72D0 /* LogoSyntaxTextView.swift */; };
		2EEECDF81EBA62090068F89C /* BlockStatement.swift in Sources */ = {isa = PBXBuildFile; fileRef = 2EEECDF71EBA62090068F89C /* BlockStatement.swift */; };
		2EEECDFB1EBA772B0068F89C /* String.swift in Sources */ = {isa = PBXBuildFile; fileRef = 2EEECDFA1EBA772B0068F89C /* String.swift */; };
		2EEECE041EBBC7EB0068F89C /* RepeatExpression.swift in Sources */ = {isa = PBXBuildFile; fileRef = 2EEECDFE1EBB8BDD0068F89C /* RepeatExpression.swift */; };
		2EEECE051EBBC7F60068F89C /* Foundation.swift in Sources */ = {isa = PBXBuildFile; fileRef = 2EEECE001EBB9F620068F89C /* Foundation.swift */; };
		92CA0EEC1EDF229100C6A05A /* Color.swift in Sources */ = {isa = PBXBuildFile; fileRef = 92CA0EEB1EDF229100C6A05A /* Color.swift */; };
/* End PBXBuildFile section */

/* Begin PBXContainerItemProxy section */
		2E6DA1921EAE89F9000AB253 /* PBXContainerItemProxy */ = {
			isa = PBXContainerItemProxy;
			containerPortal = 2E6DA17E1EAE89F9000AB253 /* Project object */;
			proxyType = 1;
			remoteGlobalIDString = 2E6DA1861EAE89F9000AB253;
			remoteInfo = Logo;
		};
		2EA0B6C12252D64600A637D1 /* PBXContainerItemProxy */ = {
			isa = PBXContainerItemProxy;
			containerPortal = 2E6DA17E1EAE89F9000AB253 /* Project object */;
			proxyType = 1;
			remoteGlobalIDString = 2E6DA1861EAE89F9000AB253;
			remoteInfo = Logo;
		};
/* End PBXContainerItemProxy section */

/* Begin PBXCopyFilesBuildPhase section */
		2EA0B6C32252D64600A637D1 /* Embed Frameworks */ = {
			isa = PBXCopyFilesBuildPhase;
			buildActionMask = 2147483647;
			dstPath = "";
			dstSubfolderSpec = 10;
			files = (
				2EA0B6C02252D64600A637D1 /* Logo.framework in Embed Frameworks */,
			);
			name = "Embed Frameworks";
			runOnlyForDeploymentPostprocessing = 0;
		};
/* End PBXCopyFilesBuildPhase section */

/* Begin PBXFileReference section */
		2E5289721EBE6D5B009C39A8 /* Stack.swift */ = {isa = PBXFileReference; fileEncoding = 4; lastKnownFileType = sourcecode.swift; path = Stack.swift; sourceTree = "<group>"; };
		2E5289741EBF1F78009C39A8 /* Geometry.swift */ = {isa = PBXFileReference; fileEncoding = 4; lastKnownFileType = sourcecode.swift; path = Geometry.swift; sourceTree = "<group>"; };
		2E6ACB771EBA41CA00DD011B /* Interpreter.swift */ = {isa = PBXFileReference; fileEncoding = 4; lastKnownFileType = sourcecode.swift; path = Interpreter.swift; sourceTree = "<group>"; };
		2E6ACB7A1EBA445500DD011B /* Canvas.swift */ = {isa = PBXFileReference; fileEncoding = 4; lastKnownFileType = sourcecode.swift; path = Canvas.swift; sourceTree = "<group>"; };
		2E6ACB7B1EBA445500DD011B /* Environment.swift */ = {isa = PBXFileReference; fileEncoding = 4; lastKnownFileType = sourcecode.swift; path = Environment.swift; sourceTree = "<group>"; };
		2E6ACB7C1EBA445500DD011B /* Evaluator.swift */ = {isa = PBXFileReference; fileEncoding = 4; lastKnownFileType = sourcecode.swift; path = Evaluator.swift; sourceTree = "<group>"; };
		2E6ACB811EBA445500DD011B /* Boolean.swift */ = {isa = PBXFileReference; fileEncoding = 4; lastKnownFileType = sourcecode.swift; path = Boolean.swift; sourceTree = "<group>"; };
		2E6ACB821EBA445500DD011B /* Builtin.swift */ = {isa = PBXFileReference; fileEncoding = 4; lastKnownFileType = sourcecode.swift; path = Builtin.swift; sourceTree = "<group>"; };
		2E6ACB831EBA445500DD011B /* CommandObject.swift */ = {isa = PBXFileReference; fileEncoding = 4; lastKnownFileType = sourcecode.swift; path = CommandObject.swift; sourceTree = "<group>"; };
		2E6ACB841EBA445500DD011B /* Error.swift */ = {isa = PBXFileReference; fileEncoding = 4; lastKnownFileType = sourcecode.swift; path = Error.swift; sourceTree = "<group>"; };
		2E6ACB851EBA445500DD011B /* Function.swift */ = {isa = PBXFileReference; fileEncoding = 4; lastKnownFileType = sourcecode.swift; path = Function.swift; sourceTree = "<group>"; };
		2E6ACB861EBA445500DD011B /* Number.swift */ = {isa = PBXFileReference; fileEncoding = 4; lastKnownFileType = sourcecode.swift; path = Number.swift; sourceTree = "<group>"; };
		2E6ACB871EBA445500DD011B /* Null.swift */ = {isa = PBXFileReference; fileEncoding = 4; lastKnownFileType = sourcecode.swift; path = Null.swift; sourceTree = "<group>"; };
		2E6ACB881EBA445500DD011B /* Object.swift */ = {isa = PBXFileReference; fileEncoding = 4; lastKnownFileType = sourcecode.swift; path = Object.swift; sourceTree = "<group>"; };
		2E6ACB8A1EBA445500DD011B /* Lexer.swift */ = {isa = PBXFileReference; fileEncoding = 4; lastKnownFileType = sourcecode.swift; path = Lexer.swift; sourceTree = "<group>"; };
		2E6ACB8B1EBA445500DD011B /* Token.swift */ = {isa = PBXFileReference; fileEncoding = 4; lastKnownFileType = sourcecode.swift; path = Token.swift; sourceTree = "<group>"; };
		2E6ACB8F1EBA445500DD011B /* BooleanLiteral.swift */ = {isa = PBXFileReference; fileEncoding = 4; lastKnownFileType = sourcecode.swift; path = BooleanLiteral.swift; sourceTree = "<group>"; };
		2E6ACB901EBA445500DD011B /* CallExpression.swift */ = {isa = PBXFileReference; fileEncoding = 4; lastKnownFileType = sourcecode.swift; path = CallExpression.swift; sourceTree = "<group>"; };
		2E6ACB911EBA445500DD011B /* EmptyNode.swift */ = {isa = PBXFileReference; fileEncoding = 4; lastKnownFileType = sourcecode.swift; path = EmptyNode.swift; sourceTree = "<group>"; };
		2E6ACB921EBA445500DD011B /* ExpressionStatement.swift */ = {isa = PBXFileReference; fileEncoding = 4; lastKnownFileType = sourcecode.swift; path = ExpressionStatement.swift; sourceTree = "<group>"; };
		2E6ACB931EBA445500DD011B /* FunctionLiteral.swift */ = {isa = PBXFileReference; fileEncoding = 4; lastKnownFileType = sourcecode.swift; path = FunctionLiteral.swift; sourceTree = "<group>"; };
		2E6ACB941EBA445500DD011B /* Identifier.swift */ = {isa = PBXFileReference; fileEncoding = 4; lastKnownFileType = sourcecode.swift; path = Identifier.swift; sourceTree = "<group>"; };
		2E6ACB951EBA445500DD011B /* IfExpression.swift */ = {isa = PBXFileReference; fileEncoding = 4; lastKnownFileType = sourcecode.swift; path = IfExpression.swift; sourceTree = "<group>"; };
		2E6ACB961EBA445500DD011B /* InfixExpression.swift */ = {isa = PBXFileReference; fileEncoding = 4; lastKnownFileType = sourcecode.swift; path = InfixExpression.swift; sourceTree = "<group>"; };
		2E6ACB971EBA445500DD011B /* IntegerLiteral.swift */ = {isa = PBXFileReference; fileEncoding = 4; lastKnownFileType = sourcecode.swift; path = IntegerLiteral.swift; sourceTree = "<group>"; };
		2E6ACB991EBA445500DD011B /* PrefixExpression.swift */ = {isa = PBXFileReference; fileEncoding = 4; lastKnownFileType = sourcecode.swift; path = PrefixExpression.swift; sourceTree = "<group>"; };
		2E6ACB9A1EBA445500DD011B /* Program.swift */ = {isa = PBXFileReference; fileEncoding = 4; lastKnownFileType = sourcecode.swift; path = Program.swift; sourceTree = "<group>"; };
		2E6ACB9B1EBA445500DD011B /* Variable.swift */ = {isa = PBXFileReference; fileEncoding = 4; lastKnownFileType = sourcecode.swift; path = Variable.swift; sourceTree = "<group>"; };
		2E6ACB9C1EBA445500DD011B /* Parser.swift */ = {isa = PBXFileReference; fileEncoding = 4; lastKnownFileType = sourcecode.swift; path = Parser.swift; sourceTree = "<group>"; };
		2E6DA1871EAE89F9000AB253 /* Logo.framework */ = {isa = PBXFileReference; explicitFileType = wrapper.framework; includeInIndex = 0; path = Logo.framework; sourceTree = BUILT_PRODUCTS_DIR; };
		2E6DA18A1EAE89F9000AB253 /* Logo.h */ = {isa = PBXFileReference; lastKnownFileType = sourcecode.c.h; path = Logo.h; sourceTree = "<group>"; };
		2E6DA18B1EAE89F9000AB253 /* Info.plist */ = {isa = PBXFileReference; lastKnownFileType = text.plist.xml; path = Info.plist; sourceTree = "<group>"; };
		2E6DA1901EAE89F9000AB253 /* LogoTests.xctest */ = {isa = PBXFileReference; explicitFileType = wrapper.cfbundle; includeInIndex = 0; path = LogoTests.xctest; sourceTree = BUILT_PRODUCTS_DIR; };
		2E6DA1951EAE89F9000AB253 /* LexerTests.swift */ = {isa = PBXFileReference; lastKnownFileType = sourcecode.swift; path = LexerTests.swift; sourceTree = "<group>"; };
		2E6DA1971EAE89F9000AB253 /* Info.plist */ = {isa = PBXFileReference; lastKnownFileType = text.plist.xml; path = Info.plist; sourceTree = "<group>"; };
		2E6DA1BB1EB109EC000AB253 /* ParserTests.swift */ = {isa = PBXFileReference; fileEncoding = 4; lastKnownFileType = sourcecode.swift; path = ParserTests.swift; sourceTree = "<group>"; };
		2EC0E4E72252C05300AA0BAD /* Utils.swift */ = {isa = PBXFileReference; lastKnownFileType = sourcecode.swift; path = Utils.swift; sourceTree = "<group>"; };
		2ED38E5E2251D707007F72D0 /* IDE.app */ = {isa = PBXFileReference; explicitFileType = wrapper.application; includeInIndex = 0; path = IDE.app; sourceTree = BUILT_PRODUCTS_DIR; };
		2ED38E602251D707007F72D0 /* AppDelegate.swift */ = {isa = PBXFileReference; lastKnownFileType = sourcecode.swift; path = AppDelegate.swift; sourceTree = "<group>"; };
		2ED38E622251D707007F72D0 /* ViewController.swift */ = {isa = PBXFileReference; lastKnownFileType = sourcecode.swift; path = ViewController.swift; sourceTree = "<group>"; };
		2ED38E642251D708007F72D0 /* Assets.xcassets */ = {isa = PBXFileReference; lastKnownFileType = folder.assetcatalog; path = Assets.xcassets; sourceTree = "<group>"; };
		2ED38E672251D708007F72D0 /* Base */ = {isa = PBXFileReference; lastKnownFileType = file.storyboard; name = Base; path = Base.lproj/Main.storyboard; sourceTree = "<group>"; };
		2ED38E692251D708007F72D0 /* Info.plist */ = {isa = PBXFileReference; lastKnownFileType = text.plist.xml; path = Info.plist; sourceTree = "<group>"; };
		2ED38E6A2251D708007F72D0 /* IDE.entitlements */ = {isa = PBXFileReference; lastKnownFileType = text.plist.entitlements; path = IDE.entitlements; sourceTree = "<group>"; };
		2ED38E6E2251DBAD007F72D0 /* WindowController.swift */ = {isa = PBXFileReference; lastKnownFileType = sourcecode.swift; path = WindowController.swift; sourceTree = "<group>"; };
		2ED38E722251EDBE007F72D0 /* LogoSyntaxTextView.swift */ = {isa = PBXFileReference; lastKnownFileType = sourcecode.swift; path = LogoSyntaxTextView.swift; sourceTree = "<group>"; };
		2EDCBE2D1EBE19FE00A19680 /* Playground.playground */ = {isa = PBXFileReference; lastKnownFileType = file.playground; path = Playground.playground; sourceTree = "<group>"; };
		2EEECDF71EBA62090068F89C /* BlockStatement.swift */ = {isa = PBXFileReference; fileEncoding = 4; lastKnownFileType = sourcecode.swift; path = BlockStatement.swift; sourceTree = "<group>"; };
		2EEECDFA1EBA772B0068F89C /* String.swift */ = {isa = PBXFileReference; fileEncoding = 4; lastKnownFileType = sourcecode.swift; path = String.swift; sourceTree = "<group>"; };
		2EEECDFE1EBB8BDD0068F89C /* RepeatExpression.swift */ = {isa = PBXFileReference; fileEncoding = 4; lastKnownFileType = sourcecode.swift; path = RepeatExpression.swift; sourceTree = "<group>"; };
		2EEECE001EBB9F620068F89C /* Foundation.swift */ = {isa = PBXFileReference; fileEncoding = 4; lastKnownFileType = sourcecode.swift; path = Foundation.swift; sourceTree = "<group>"; };
		92CA0EEB1EDF229100C6A05A /* Color.swift */ = {isa = PBXFileReference; fileEncoding = 4; lastKnownFileType = sourcecode.swift; path = Color.swift; sourceTree = "<group>"; };
/* End PBXFileReference section */

/* Begin PBXFrameworksBuildPhase section */
		2E6DA1831EAE89F9000AB253 /* Frameworks */ = {
			isa = PBXFrameworksBuildPhase;
			buildActionMask = 2147483647;
			files = (
			);
			runOnlyForDeploymentPostprocessing = 0;
		};
		2E6DA18D1EAE89F9000AB253 /* Frameworks */ = {
			isa = PBXFrameworksBuildPhase;
			buildActionMask = 2147483647;
			files = (
				2E6DA1911EAE89F9000AB253 /* Logo.framework in Frameworks */,
			);
			runOnlyForDeploymentPostprocessing = 0;
		};
		2ED38E5B2251D707007F72D0 /* Frameworks */ = {
			isa = PBXFrameworksBuildPhase;
			buildActionMask = 2147483647;
			files = (
				2EA0B6BF2252D64600A637D1 /* Logo.framework in Frameworks */,
			);
			runOnlyForDeploymentPostprocessing = 0;
		};
/* End PBXFrameworksBuildPhase section */

/* Begin PBXGroup section */
		2E6ACB791EBA445500DD011B /* Evaluation */ = {
			isa = PBXGroup;
			children = (
				2E6ACB7C1EBA445500DD011B /* Evaluator.swift */,
				2E6ACB7B1EBA445500DD011B /* Environment.swift */,
				2E6ACB7A1EBA445500DD011B /* Canvas.swift */,
				2EEECE001EBB9F620068F89C /* Foundation.swift */,
				2E6ACB7F1EBA445500DD011B /* Objects */,
			);
			path = Evaluation;
			sourceTree = "<group>";
		};
		2E6ACB7F1EBA445500DD011B /* Objects */ = {
			isa = PBXGroup;
			children = (
				2E6ACB821EBA445500DD011B /* Builtin.swift */,
				2E6ACB881EBA445500DD011B /* Object.swift */,
				2E6ACB861EBA445500DD011B /* Number.swift */,
				2E6ACB811EBA445500DD011B /* Boolean.swift */,
				92CA0EEB1EDF229100C6A05A /* Color.swift */,
				2E6ACB841EBA445500DD011B /* Error.swift */,
				2E6ACB851EBA445500DD011B /* Function.swift */,
				2E6ACB871EBA445500DD011B /* Null.swift */,
				2E6ACB831EBA445500DD011B /* CommandObject.swift */,
				2E5289721EBE6D5B009C39A8 /* Stack.swift */,
			);
			path = Objects;
			sourceTree = "<group>";
		};
		2E6ACB891EBA445500DD011B /* Lexer */ = {
			isa = PBXGroup;
			children = (
				2E6ACB8A1EBA445500DD011B /* Lexer.swift */,
				2E6ACB8B1EBA445500DD011B /* Token.swift */,
			);
			path = Lexer;
			sourceTree = "<group>";
		};
		2E6ACB8D1EBA445500DD011B /* Parser */ = {
			isa = PBXGroup;
			children = (
				2E6ACB9C1EBA445500DD011B /* Parser.swift */,
				2E6ACB8E1EBA445500DD011B /* Nodes */,
			);
			path = Parser;
			sourceTree = "<group>";
		};
		2E6ACB8E1EBA445500DD011B /* Nodes */ = {
			isa = PBXGroup;
			children = (
				2E6ACB9A1EBA445500DD011B /* Program.swift */,
				2E6ACB8F1EBA445500DD011B /* BooleanLiteral.swift */,
				2E6ACB971EBA445500DD011B /* IntegerLiteral.swift */,
				2E6ACB941EBA445500DD011B /* Identifier.swift */,
				2E6ACB9B1EBA445500DD011B /* Variable.swift */,
				2EEECDF71EBA62090068F89C /* BlockStatement.swift */,
				2E6ACB921EBA445500DD011B /* ExpressionStatement.swift */,
				2E6ACB931EBA445500DD011B /* FunctionLiteral.swift */,
				2E6ACB901EBA445500DD011B /* CallExpression.swift */,
				2E6ACB951EBA445500DD011B /* IfExpression.swift */,
				2E6ACB991EBA445500DD011B /* PrefixExpression.swift */,
				2E6ACB961EBA445500DD011B /* InfixExpression.swift */,
				2EEECDFE1EBB8BDD0068F89C /* RepeatExpression.swift */,
				2E6ACB911EBA445500DD011B /* EmptyNode.swift */,
			);
			path = Nodes;
			sourceTree = "<group>";
		};
		2E6DA17D1EAE89F9000AB253 = {
			isa = PBXGroup;
			children = (
				2EDCBE2D1EBE19FE00A19680 /* Playground.playground */,
				2E6DA1891EAE89F9000AB253 /* Logo */,
				2E6DA1941EAE89F9000AB253 /* LogoTests */,
				2ED38E5F2251D707007F72D0 /* IDE */,
				2E6DA1881EAE89F9000AB253 /* Products */,
				2ED38E702251DEBA007F72D0 /* Frameworks */,
			);
			sourceTree = "<group>";
		};
		2E6DA1881EAE89F9000AB253 /* Products */ = {
			isa = PBXGroup;
			children = (
				2E6DA1871EAE89F9000AB253 /* Logo.framework */,
				2E6DA1901EAE89F9000AB253 /* LogoTests.xctest */,
				2ED38E5E2251D707007F72D0 /* IDE.app */,
			);
			name = Products;
			sourceTree = "<group>";
		};
		2E6DA1891EAE89F9000AB253 /* Logo */ = {
			isa = PBXGroup;
			children = (
				2E6DA18A1EAE89F9000AB253 /* Logo.h */,
				2E6DA18B1EAE89F9000AB253 /* Info.plist */,
				2E6ACB771EBA41CA00DD011B /* Interpreter.swift */,
				2E6ACB891EBA445500DD011B /* Lexer */,
				2E6ACB8D1EBA445500DD011B /* Parser */,
				2E6ACB791EBA445500DD011B /* Evaluation */,
				2EEECDF91EBA772B0068F89C /* Utils */,
			);
			path = Logo;
			sourceTree = "<group>";
		};
		2E6DA1941EAE89F9000AB253 /* LogoTests */ = {
			isa = PBXGroup;
			children = (
				2E6DA1951EAE89F9000AB253 /* LexerTests.swift */,
				2E6DA1BB1EB109EC000AB253 /* ParserTests.swift */,
				2E6DA1971EAE89F9000AB253 /* Info.plist */,
			);
			path = LogoTests;
			sourceTree = "<group>";
		};
		2EC0E4E62252B8BB00AA0BAD /* Resources */ = {
			isa = PBXGroup;
			children = (
				2ED38E6A2251D708007F72D0 /* IDE.entitlements */,
				2ED38E662251D708007F72D0 /* Main.storyboard */,
				2ED38E642251D708007F72D0 /* Assets.xcassets */,
			);
			path = Resources;
			sourceTree = "<group>";
		};
		2ED38E5F2251D707007F72D0 /* IDE */ = {
			isa = PBXGroup;
			children = (
				2EC0E4E62252B8BB00AA0BAD /* Resources */,
				2ED38E602251D707007F72D0 /* AppDelegate.swift */,
				2ED38E622251D707007F72D0 /* ViewController.swift */,
				2ED38E6E2251DBAD007F72D0 /* WindowController.swift */,
				2ED38E722251EDBE007F72D0 /* LogoSyntaxTextView.swift */,
				2ED38E692251D708007F72D0 /* Info.plist */,
				2EC0E4E72252C05300AA0BAD /* Utils.swift */,
			);
			path = IDE;
			sourceTree = "<group>";
		};
		2ED38E702251DEBA007F72D0 /* Frameworks */ = {
			isa = PBXGroup;
			children = (
			);
			name = Frameworks;
			sourceTree = "<group>";
		};
		2EEECDF91EBA772B0068F89C /* Utils */ = {
			isa = PBXGroup;
			children = (
				2EEECDFA1EBA772B0068F89C /* String.swift */,
				2E5289741EBF1F78009C39A8 /* Geometry.swift */,
			);
			path = Utils;
			sourceTree = "<group>";
		};
/* End PBXGroup section */

/* Begin PBXHeadersBuildPhase section */
		2E6DA1841EAE89F9000AB253 /* Headers */ = {
			isa = PBXHeadersBuildPhase;
			buildActionMask = 2147483647;
			files = (
				2E6DA1981EAE89F9000AB253 /* Logo.h in Headers */,
			);
			runOnlyForDeploymentPostprocessing = 0;
		};
/* End PBXHeadersBuildPhase section */

/* Begin PBXNativeTarget section */
		2E6DA1861EAE89F9000AB253 /* Logo */ = {
			isa = PBXNativeTarget;
			buildConfigurationList = 2E6DA19B1EAE89F9000AB253 /* Build configuration list for PBXNativeTarget "Logo" */;
			buildPhases = (
				2E6DA1821EAE89F9000AB253 /* Sources */,
				2E6DA1831EAE89F9000AB253 /* Frameworks */,
				2E6DA1841EAE89F9000AB253 /* Headers */,
				2E6DA1851EAE89F9000AB253 /* Resources */,
			);
			buildRules = (
			);
			dependencies = (
			);
			name = Logo;
			productName = Logo;
			productReference = 2E6DA1871EAE89F9000AB253 /* Logo.framework */;
			productType = "com.apple.product-type.framework";
		};
		2E6DA18F1EAE89F9000AB253 /* LogoTests */ = {
			isa = PBXNativeTarget;
			buildConfigurationList = 2E6DA19E1EAE89F9000AB253 /* Build configuration list for PBXNativeTarget "LogoTests" */;
			buildPhases = (
				2E6DA18C1EAE89F9000AB253 /* Sources */,
				2E6DA18D1EAE89F9000AB253 /* Frameworks */,
				2E6DA18E1EAE89F9000AB253 /* Resources */,
			);
			buildRules = (
			);
			dependencies = (
				2E6DA1931EAE89F9000AB253 /* PBXTargetDependency */,
			);
			name = LogoTests;
			productName = LogoTests;
			productReference = 2E6DA1901EAE89F9000AB253 /* LogoTests.xctest */;
			productType = "com.apple.product-type.bundle.unit-test";
		};
		2ED38E5D2251D707007F72D0 /* IDE */ = {
			isa = PBXNativeTarget;
			buildConfigurationList = 2ED38E6D2251D708007F72D0 /* Build configuration list for PBXNativeTarget "IDE" */;
			buildPhases = (
				2ED38E5A2251D707007F72D0 /* Sources */,
				2ED38E5B2251D707007F72D0 /* Frameworks */,
				2ED38E5C2251D707007F72D0 /* Resources */,
				2EA0B6C32252D64600A637D1 /* Embed Frameworks */,
			);
			buildRules = (
			);
			dependencies = (
				2EA0B6C22252D64600A637D1 /* PBXTargetDependency */,
			);
			name = IDE;
			productName = IDE;
			productReference = 2ED38E5E2251D707007F72D0 /* IDE.app */;
			productType = "com.apple.product-type.application";
		};
/* End PBXNativeTarget section */

/* Begin PBXProject section */
		2E6DA17E1EAE89F9000AB253 /* Project object */ = {
			isa = PBXProject;
			attributes = {
				LastSwiftUpdateCheck = 1010;
				LastUpgradeCheck = 1000;
				ORGANIZATIONNAME = wojteklu;
				TargetAttributes = {
					2E6DA1861EAE89F9000AB253 = {
						CreatedOnToolsVersion = 8.3.2;
						LastSwiftMigration = 0830;
						ProvisioningStyle = Automatic;
					};
					2E6DA18F1EAE89F9000AB253 = {
						CreatedOnToolsVersion = 8.3.2;
						DevelopmentTeam = 68JSZTM8V5;
						LastSwiftMigration = 0920;
						ProvisioningStyle = Automatic;
					};
				};
			};
			buildConfigurationList = 2E6DA1811EAE89F9000AB253 /* Build configuration list for PBXProject "Logo" */;
			compatibilityVersion = "Xcode 3.2";
			developmentRegion = English;
			hasScannedForEncodings = 0;
			knownRegions = (
				en,
				Base,
			);
			mainGroup = 2E6DA17D1EAE89F9000AB253;
			productRefGroup = 2E6DA1881EAE89F9000AB253 /* Products */;
			projectDirPath = "";
			projectRoot = "";
			targets = (
				2E6DA1861EAE89F9000AB253 /* Logo */,
				2E6DA18F1EAE89F9000AB253 /* LogoTests */,
				2ED38E5D2251D707007F72D0 /* IDE */,
			);
		};
/* End PBXProject section */

/* Begin PBXResourcesBuildPhase section */
		2E6DA1851EAE89F9000AB253 /* Resources */ = {
			isa = PBXResourcesBuildPhase;
			buildActionMask = 2147483647;
			files = (
			);
			runOnlyForDeploymentPostprocessing = 0;
		};
		2E6DA18E1EAE89F9000AB253 /* Resources */ = {
			isa = PBXResourcesBuildPhase;
			buildActionMask = 2147483647;
			files = (
			);
			runOnlyForDeploymentPostprocessing = 0;
		};
		2ED38E5C2251D707007F72D0 /* Resources */ = {
			isa = PBXResourcesBuildPhase;
			buildActionMask = 2147483647;
			files = (
				2ED38E652251D708007F72D0 /* Assets.xcassets in Resources */,
				2ED38E682251D708007F72D0 /* Main.storyboard in Resources */,
			);
			runOnlyForDeploymentPostprocessing = 0;
		};
/* End PBXResourcesBuildPhase section */

/* Begin PBXSourcesBuildPhase section */
		2E6DA1821EAE89F9000AB253 /* Sources */ = {
			isa = PBXSourcesBuildPhase;
			buildActionMask = 2147483647;
			files = (
				2E6ACB781EBA41CA00DD011B /* Interpreter.swift in Sources */,
				2E6ACBA21EBA445500DD011B /* Boolean.swift in Sources */,
				2E5289731EBE6D5B009C39A8 /* Stack.swift in Sources */,
				2E6ACB9F1EBA445500DD011B /* Evaluator.swift in Sources */,
				2E6ACBB71EBA445500DD011B /* PrefixExpression.swift in Sources */,
				2E6ACB9E1EBA445500DD011B /* Environment.swift in Sources */,
				2EEECDFB1EBA772B0068F89C /* String.swift in Sources */,
				2E6ACBAA1EBA445500DD011B /* Lexer.swift in Sources */,
				2E6ACBB41EBA445500DD011B /* InfixExpression.swift in Sources */,
				2E6ACBA41EBA445500DD011B /* CommandObject.swift in Sources */,
				2E6ACBB11EBA445500DD011B /* FunctionLiteral.swift in Sources */,
				2E6ACBAB1EBA445500DD011B /* Token.swift in Sources */,
				2E6ACBA71EBA445500DD011B /* Number.swift in Sources */,
				2E6ACBB31EBA445500DD011B /* IfExpression.swift in Sources */,
				2E6ACBB51EBA445500DD011B /* IntegerLiteral.swift in Sources */,
				2EEECDF81EBA62090068F89C /* BlockStatement.swift in Sources */,
				2EEECE051EBBC7F60068F89C /* Foundation.swift in Sources */,
				2E6ACBAF1EBA445500DD011B /* EmptyNode.swift in Sources */,
				2E6ACBBA1EBA445500DD011B /* Parser.swift in Sources */,
				2E6ACBB01EBA445500DD011B /* ExpressionStatement.swift in Sources */,
				2EEECE041EBBC7EB0068F89C /* RepeatExpression.swift in Sources */,
				2E6ACB9D1EBA445500DD011B /* Canvas.swift in Sources */,
				92CA0EEC1EDF229100C6A05A /* Color.swift in Sources */,
				2E6ACBB91EBA445500DD011B /* Variable.swift in Sources */,
				2E6ACBA51EBA445500DD011B /* Error.swift in Sources */,
				2E6ACBA91EBA445500DD011B /* Object.swift in Sources */,
				2E5289751EBF1F78009C39A8 /* Geometry.swift in Sources */,
				2E6ACBAD1EBA445500DD011B /* BooleanLiteral.swift in Sources */,
				2E6ACBB81EBA445500DD011B /* Program.swift in Sources */,
				2E6ACBA31EBA445500DD011B /* Builtin.swift in Sources */,
				2E6ACBA61EBA445500DD011B /* Function.swift in Sources */,
				2E6ACBAE1EBA445500DD011B /* CallExpression.swift in Sources */,
				2E6ACBB21EBA445500DD011B /* Identifier.swift in Sources */,
				2E6ACBA81EBA445500DD011B /* Null.swift in Sources */,
			);
			runOnlyForDeploymentPostprocessing = 0;
		};
		2E6DA18C1EAE89F9000AB253 /* Sources */ = {
			isa = PBXSourcesBuildPhase;
			buildActionMask = 2147483647;
			files = (
				2E6DA1BC1EB109EC000AB253 /* ParserTests.swift in Sources */,
				2E6DA1961EAE89F9000AB253 /* LexerTests.swift in Sources */,
			);
			runOnlyForDeploymentPostprocessing = 0;
		};
		2ED38E5A2251D707007F72D0 /* Sources */ = {
			isa = PBXSourcesBuildPhase;
			buildActionMask = 2147483647;
			files = (
				2EC0E4E82252C05300AA0BAD /* Utils.swift in Sources */,
				2ED38E632251D707007F72D0 /* ViewController.swift in Sources */,
				2ED38E6F2251DBAD007F72D0 /* WindowController.swift in Sources */,
				2ED38E612251D707007F72D0 /* AppDelegate.swift in Sources */,
				2ED38E732251EDBE007F72D0 /* LogoSyntaxTextView.swift in Sources */,
			);
			runOnlyForDeploymentPostprocessing = 0;
		};
/* End PBXSourcesBuildPhase section */

/* Begin PBXTargetDependency section */
		2E6DA1931EAE89F9000AB253 /* PBXTargetDependency */ = {
			isa = PBXTargetDependency;
			target = 2E6DA1861EAE89F9000AB253 /* Logo */;
			targetProxy = 2E6DA1921EAE89F9000AB253 /* PBXContainerItemProxy */;
		};
		2EA0B6C22252D64600A637D1 /* PBXTargetDependency */ = {
			isa = PBXTargetDependency;
			target = 2E6DA1861EAE89F9000AB253 /* Logo */;
			targetProxy = 2EA0B6C12252D64600A637D1 /* PBXContainerItemProxy */;
		};
/* End PBXTargetDependency section */

/* Begin PBXVariantGroup section */
		2ED38E662251D708007F72D0 /* Main.storyboard */ = {
			isa = PBXVariantGroup;
			children = (
				2ED38E672251D708007F72D0 /* Base */,
			);
			name = Main.storyboard;
			sourceTree = "<group>";
		};
/* End PBXVariantGroup section */

/* Begin XCBuildConfiguration section */
		2E6DA1991EAE89F9000AB253 /* Debug */ = {
			isa = XCBuildConfiguration;
			buildSettings = {
				ALWAYS_SEARCH_USER_PATHS = NO;
				CLANG_ANALYZER_NONNULL = YES;
				CLANG_ANALYZER_NUMBER_OBJECT_CONVERSION = YES_AGGRESSIVE;
				CLANG_CXX_LANGUAGE_STANDARD = "gnu++0x";
				CLANG_CXX_LIBRARY = "libc++";
				CLANG_ENABLE_MODULES = YES;
				CLANG_ENABLE_OBJC_ARC = YES;
				CLANG_WARN_BLOCK_CAPTURE_AUTORELEASING = YES;
				CLANG_WARN_BOOL_CONVERSION = YES;
				CLANG_WARN_COMMA = YES;
				CLANG_WARN_CONSTANT_CONVERSION = YES;
				CLANG_WARN_DEPRECATED_OBJC_IMPLEMENTATIONS = YES;
				CLANG_WARN_DIRECT_OBJC_ISA_USAGE = YES_ERROR;
				CLANG_WARN_DOCUMENTATION_COMMENTS = YES;
				CLANG_WARN_EMPTY_BODY = YES;
				CLANG_WARN_ENUM_CONVERSION = YES;
				CLANG_WARN_INFINITE_RECURSION = YES;
				CLANG_WARN_INT_CONVERSION = YES;
				CLANG_WARN_NON_LITERAL_NULL_CONVERSION = YES;
				CLANG_WARN_OBJC_IMPLICIT_RETAIN_SELF = YES;
				CLANG_WARN_OBJC_LITERAL_CONVERSION = YES;
				CLANG_WARN_OBJC_ROOT_CLASS = YES_ERROR;
				CLANG_WARN_RANGE_LOOP_ANALYSIS = YES;
				CLANG_WARN_STRICT_PROTOTYPES = YES;
				CLANG_WARN_SUSPICIOUS_MOVE = YES;
				CLANG_WARN_UNREACHABLE_CODE = YES;
				CLANG_WARN__DUPLICATE_METHOD_MATCH = YES;
				CODE_SIGN_IDENTITY = "-";
				COPY_PHASE_STRIP = NO;
				CURRENT_PROJECT_VERSION = 1;
				DEBUG_INFORMATION_FORMAT = dwarf;
				ENABLE_STRICT_OBJC_MSGSEND = YES;
				ENABLE_TESTABILITY = YES;
				GCC_C_LANGUAGE_STANDARD = gnu99;
				GCC_DYNAMIC_NO_PIC = NO;
				GCC_NO_COMMON_BLOCKS = YES;
				GCC_OPTIMIZATION_LEVEL = 0;
				GCC_PREPROCESSOR_DEFINITIONS = (
					"DEBUG=1",
					"$(inherited)",
				);
				GCC_WARN_64_TO_32_BIT_CONVERSION = YES;
				GCC_WARN_ABOUT_RETURN_TYPE = YES_ERROR;
				GCC_WARN_UNDECLARED_SELECTOR = YES;
				GCC_WARN_UNINITIALIZED_AUTOS = YES_AGGRESSIVE;
				GCC_WARN_UNUSED_FUNCTION = YES;
				GCC_WARN_UNUSED_VARIABLE = YES;
				MACOSX_DEPLOYMENT_TARGET = 10.12;
				MTL_ENABLE_DEBUG_INFO = YES;
				ONLY_ACTIVE_ARCH = YES;
				SDKROOT = macosx;
				SWIFT_ACTIVE_COMPILATION_CONDITIONS = DEBUG;
				SWIFT_OPTIMIZATION_LEVEL = "-Onone";
				VERSIONING_SYSTEM = "apple-generic";
				VERSION_INFO_PREFIX = "";
			};
			name = Debug;
		};
		2E6DA19A1EAE89F9000AB253 /* Release */ = {
			isa = XCBuildConfiguration;
			buildSettings = {
				ALWAYS_SEARCH_USER_PATHS = NO;
				CLANG_ANALYZER_NONNULL = YES;
				CLANG_ANALYZER_NUMBER_OBJECT_CONVERSION = YES_AGGRESSIVE;
				CLANG_CXX_LANGUAGE_STANDARD = "gnu++0x";
				CLANG_CXX_LIBRARY = "libc++";
				CLANG_ENABLE_MODULES = YES;
				CLANG_ENABLE_OBJC_ARC = YES;
				CLANG_WARN_BLOCK_CAPTURE_AUTORELEASING = YES;
				CLANG_WARN_BOOL_CONVERSION = YES;
				CLANG_WARN_COMMA = YES;
				CLANG_WARN_CONSTANT_CONVERSION = YES;
				CLANG_WARN_DEPRECATED_OBJC_IMPLEMENTATIONS = YES;
				CLANG_WARN_DIRECT_OBJC_ISA_USAGE = YES_ERROR;
				CLANG_WARN_DOCUMENTATION_COMMENTS = YES;
				CLANG_WARN_EMPTY_BODY = YES;
				CLANG_WARN_ENUM_CONVERSION = YES;
				CLANG_WARN_INFINITE_RECURSION = YES;
				CLANG_WARN_INT_CONVERSION = YES;
				CLANG_WARN_NON_LITERAL_NULL_CONVERSION = YES;
				CLANG_WARN_OBJC_IMPLICIT_RETAIN_SELF = YES;
				CLANG_WARN_OBJC_LITERAL_CONVERSION = YES;
				CLANG_WARN_OBJC_ROOT_CLASS = YES_ERROR;
				CLANG_WARN_RANGE_LOOP_ANALYSIS = YES;
				CLANG_WARN_STRICT_PROTOTYPES = YES;
				CLANG_WARN_SUSPICIOUS_MOVE = YES;
				CLANG_WARN_UNREACHABLE_CODE = YES;
				CLANG_WARN__DUPLICATE_METHOD_MATCH = YES;
				CODE_SIGN_IDENTITY = "-";
				COPY_PHASE_STRIP = NO;
				CURRENT_PROJECT_VERSION = 1;
				DEBUG_INFORMATION_FORMAT = "dwarf-with-dsym";
				ENABLE_NS_ASSERTIONS = NO;
				ENABLE_STRICT_OBJC_MSGSEND = YES;
				GCC_C_LANGUAGE_STANDARD = gnu99;
				GCC_NO_COMMON_BLOCKS = YES;
				GCC_WARN_64_TO_32_BIT_CONVERSION = YES;
				GCC_WARN_ABOUT_RETURN_TYPE = YES_ERROR;
				GCC_WARN_UNDECLARED_SELECTOR = YES;
				GCC_WARN_UNINITIALIZED_AUTOS = YES_AGGRESSIVE;
				GCC_WARN_UNUSED_FUNCTION = YES;
				GCC_WARN_UNUSED_VARIABLE = YES;
				MACOSX_DEPLOYMENT_TARGET = 10.12;
				MTL_ENABLE_DEBUG_INFO = NO;
				SDKROOT = macosx;
				SWIFT_OPTIMIZATION_LEVEL = "-Owholemodule";
				VERSIONING_SYSTEM = "apple-generic";
				VERSION_INFO_PREFIX = "";
			};
			name = Release;
		};
		2E6DA19C1EAE89F9000AB253 /* Debug */ = {
			isa = XCBuildConfiguration;
			buildSettings = {
				CLANG_ENABLE_MODULES = YES;
				CODE_SIGN_IDENTITY = "";
				COMBINE_HIDPI_IMAGES = YES;
				DEFINES_MODULE = YES;
				DEVELOPMENT_TEAM = "";
				DYLIB_COMPATIBILITY_VERSION = 1;
				DYLIB_CURRENT_VERSION = 1;
				DYLIB_INSTALL_NAME_BASE = "@rpath";
				FRAMEWORK_VERSION = A;
				INFOPLIST_FILE = Logo/Info.plist;
				INSTALL_PATH = "$(LOCAL_LIBRARY_DIR)/Frameworks";
				LD_RUNPATH_SEARCH_PATHS = "$(inherited) @executable_path/../Frameworks @loader_path/Frameworks";
				PRODUCT_BUNDLE_IDENTIFIER = com.wojteklu.Logo;
				PRODUCT_NAME = "$(TARGET_NAME)";
				SKIP_INSTALL = YES;
				SWIFT_OPTIMIZATION_LEVEL = "-Onone";
				SWIFT_VERSION = 4.2;
			};
			name = Debug;
		};
		2E6DA19D1EAE89F9000AB253 /* Release */ = {
			isa = XCBuildConfiguration;
			buildSettings = {
				CLANG_ENABLE_MODULES = YES;
				CODE_SIGN_IDENTITY = "";
				COMBINE_HIDPI_IMAGES = YES;
				DEFINES_MODULE = YES;
				DEVELOPMENT_TEAM = "";
				DYLIB_COMPATIBILITY_VERSION = 1;
				DYLIB_CURRENT_VERSION = 1;
				DYLIB_INSTALL_NAME_BASE = "@rpath";
				FRAMEWORK_VERSION = A;
				INFOPLIST_FILE = Logo/Info.plist;
				INSTALL_PATH = "$(LOCAL_LIBRARY_DIR)/Frameworks";
				LD_RUNPATH_SEARCH_PATHS = "$(inherited) @executable_path/../Frameworks @loader_path/Frameworks";
				PRODUCT_BUNDLE_IDENTIFIER = com.wojteklu.Logo;
				PRODUCT_NAME = "$(TARGET_NAME)";
				SKIP_INSTALL = YES;
				SWIFT_VERSION = 4.2;
			};
			name = Release;
		};
		2E6DA19F1EAE89F9000AB253 /* Debug */ = {
			isa = XCBuildConfiguration;
			buildSettings = {
				ALWAYS_EMBED_SWIFT_STANDARD_LIBRARIES = YES;
				COMBINE_HIDPI_IMAGES = YES;
				DEVELOPMENT_TEAM = 68JSZTM8V5;
				INFOPLIST_FILE = LogoTests/Info.plist;
				LD_RUNPATH_SEARCH_PATHS = "$(inherited) @executable_path/../Frameworks @loader_path/../Frameworks";
				PRODUCT_BUNDLE_IDENTIFIER = com.wojteklu.LogoTests;
				PRODUCT_NAME = "$(TARGET_NAME)";
				SWIFT_SWIFT3_OBJC_INFERENCE = Off;
				SWIFT_VERSION = 4.0;
			};
			name = Debug;
		};
		2E6DA1A01EAE89F9000AB253 /* Release */ = {
			isa = XCBuildConfiguration;
			buildSettings = {
				ALWAYS_EMBED_SWIFT_STANDARD_LIBRARIES = YES;
				COMBINE_HIDPI_IMAGES = YES;
				DEVELOPMENT_TEAM = 68JSZTM8V5;
				INFOPLIST_FILE = LogoTests/Info.plist;
				LD_RUNPATH_SEARCH_PATHS = "$(inherited) @executable_path/../Frameworks @loader_path/../Frameworks";
				PRODUCT_BUNDLE_IDENTIFIER = com.wojteklu.LogoTests;
				PRODUCT_NAME = "$(TARGET_NAME)";
				SWIFT_SWIFT3_OBJC_INFERENCE = Off;
				SWIFT_VERSION = 4.0;
			};
			name = Release;
		};
		2ED38E6B2251D708007F72D0 /* Debug */ = {
			isa = XCBuildConfiguration;
			buildSettings = {
				ALWAYS_EMBED_SWIFT_STANDARD_LIBRARIES = YES;
				ASSETCATALOG_COMPILER_APPICON_NAME = AppIcon;
				CLANG_CXX_LANGUAGE_STANDARD = "gnu++14";
				CLANG_ENABLE_OBJC_WEAK = YES;
				CLANG_WARN_UNGUARDED_AVAILABILITY = YES_AGGRESSIVE;
				CODE_SIGN_ENTITLEMENTS = IDE/Resources/IDE.entitlements;
				CODE_SIGN_IDENTITY = "";
				CODE_SIGN_STYLE = Manual;
				COMBINE_HIDPI_IMAGES = YES;
				DEVELOPMENT_TEAM = "";
				GCC_C_LANGUAGE_STANDARD = gnu11;
				INFOPLIST_FILE = IDE/Info.plist;
				LD_RUNPATH_SEARCH_PATHS = "$(inherited) @executable_path/../Frameworks";
				MACOSX_DEPLOYMENT_TARGET = 10.14;
				MTL_ENABLE_DEBUG_INFO = INCLUDE_SOURCE;
				MTL_FAST_MATH = YES;
				PRODUCT_BUNDLE_IDENTIFIER = com.wojteklu.IDE;
				PRODUCT_NAME = "$(TARGET_NAME)";
				PROVISIONING_PROFILE_SPECIFIER = "";
				SWIFT_VERSION = 4.2;
			};
			name = Debug;
		};
		2ED38E6C2251D708007F72D0 /* Release */ = {
			isa = XCBuildConfiguration;
			buildSettings = {
				ALWAYS_EMBED_SWIFT_STANDARD_LIBRARIES = YES;
				ASSETCATALOG_COMPILER_APPICON_NAME = AppIcon;
				CLANG_CXX_LANGUAGE_STANDARD = "gnu++14";
				CLANG_ENABLE_OBJC_WEAK = YES;
				CLANG_WARN_UNGUARDED_AVAILABILITY = YES_AGGRESSIVE;
				CODE_SIGN_ENTITLEMENTS = IDE/Resources/IDE.entitlements;
				CODE_SIGN_IDENTITY = "";
				CODE_SIGN_STYLE = Manual;
				COMBINE_HIDPI_IMAGES = YES;
				DEVELOPMENT_TEAM = "";
				GCC_C_LANGUAGE_STANDARD = gnu11;
				INFOPLIST_FILE = IDE/Info.plist;
				LD_RUNPATH_SEARCH_PATHS = "$(inherited) @executable_path/../Frameworks";
				MACOSX_DEPLOYMENT_TARGET = 10.14;
				MTL_FAST_MATH = YES;
				PRODUCT_BUNDLE_IDENTIFIER = com.wojteklu.IDE;
				PRODUCT_NAME = "$(TARGET_NAME)";
				PROVISIONING_PROFILE_SPECIFIER = "";
				SWIFT_VERSION = 4.2;
			};
			name = Release;
		};
/* End XCBuildConfiguration section */

/* Begin XCConfigurationList section */
		2E6DA1811EAE89F9000AB253 /* Build configuration list for PBXProject "Logo" */ = {
			isa = XCConfigurationList;
			buildConfigurations = (
				2E6DA1991EAE89F9000AB253 /* Debug */,
				2E6DA19A1EAE89F9000AB253 /* Release */,
			);
			defaultConfigurationIsVisible = 0;
			defaultConfigurationName = Release;
		};
		2E6DA19B1EAE89F9000AB253 /* Build configuration list for PBXNativeTarget "Logo" */ = {
			isa = XCConfigurationList;
			buildConfigurations = (
				2E6DA19C1EAE89F9000AB253 /* Debug */,
				2E6DA19D1EAE89F9000AB253 /* Release */,
			);
			defaultConfigurationIsVisible = 0;
			defaultConfigurationName = Release;
		};
		2E6DA19E1EAE89F9000AB253 /* Build configuration list for PBXNativeTarget "LogoTests" */ = {
			isa = XCConfigurationList;
			buildConfigurations = (
				2E6DA19F1EAE89F9000AB253 /* Debug */,
				2E6DA1A01EAE89F9000AB253 /* Release */,
			);
			defaultConfigurationIsVisible = 0;
			defaultConfigurationName = Release;
		};
		2ED38E6D2251D708007F72D0 /* Build configuration list for PBXNativeTarget "IDE" */ = {
			isa = XCConfigurationList;
			buildConfigurations = (
				2ED38E6B2251D708007F72D0 /* Debug */,
				2ED38E6C2251D708007F72D0 /* Release */,
			);
			defaultConfigurationIsVisible = 0;
			defaultConfigurationName = Release;
		};
/* End XCConfigurationList section */
	};
	rootObject = 2E6DA17E1EAE89F9000AB253 /* Project object */;
}
